
Microsoft Visual Studio Solution File, Format Version 11.00
# Visual Studio 2010
Project("{8BC9CEB8-8B4A-11D0-8D11-00A0C91BC942}") = "CS161 - Assignment 1 + Extra Credit", "CS161 - Assignment 1 + Extra Credit\CS161 - Assignment 1 + Extra Credit.vcxproj", "{68B7F638-C6D4-4D42-AE69-162596190C33}"
EndProject
Global
	GlobalSection(SolutionConfigurationPlatforms) = preSolution
		Debug|Win32 = Debug|Win32
		Release|Win32 = Release|Win32
	EndGlobalSection
	GlobalSection(ProjectConfigurationPlatforms) = postSolution
		{68B7F638-C6D4-4D42-AE69-162596190C33}.Debug|Win32.ActiveCfg = Debug|Win32
		{68B7F638-C6D4-4D42-AE69-162596190C33}.Debug|Win32.Build.0 = Debug|Win32
		{68B7F638-C6D4-4D42-AE69-162596190C33}.Release|Win32.ActiveCfg = Release|Win32
		{68B7F638-C6D4-4D42-AE69-162596190C33}.Release|Win32.Build.0 = Release|Win32
	EndGlobalSection
	GlobalSection(SolutionProperties) = preSolution
		HideSolutionNode = FALSE
	EndGlobalSection
EndGlobal
