
Microsoft Visual Studio Solution File, Format Version 11.00
# Visual Studio 2010
Project("{8BC9CEB8-8B4A-11D0-8D11-00A0C91BC942}") = "Program 13_DRT", "Program 13_DRT\Program 13_DRT.vcxproj", "{8BB34CBA-3486-4D93-A7EB-30F3F6712FFD}"
EndProject
Global
	GlobalSection(SolutionConfigurationPlatforms) = preSolution
		Debug|Win32 = Debug|Win32
		Release|Win32 = Release|Win32
	EndGlobalSection
	GlobalSection(ProjectConfigurationPlatforms) = postSolution
		{8BB34CBA-3486-4D93-A7EB-30F3F6712FFD}.Debug|Win32.ActiveCfg = Debug|Win32
		{8BB34CBA-3486-4D93-A7EB-30F3F6712FFD}.Debug|Win32.Build.0 = Debug|Win32
		{8BB34CBA-3486-4D93-A7EB-30F3F6712FFD}.Release|Win32.ActiveCfg = Release|Win32
		{8BB34CBA-3486-4D93-A7EB-30F3F6712FFD}.Release|Win32.Build.0 = Release|Win32
	EndGlobalSection
	GlobalSection(SolutionProperties) = preSolution
		HideSolutionNode = FALSE
	EndGlobalSection
EndGlobal
